
Microsoft Visual Studio Solution File, Format Version 12.00
Project("{2150E333-8FDC-42A3-9474-1A3956D46DE8}") = "services", "services", "{8D34AEB9-AAAD-4705-96E0-B7929EE5817C}"
EndProject
Project("{2150E333-8FDC-42A3-9474-1A3956D46DE8}") = "clients", "clients", "{73A88DCC-4E03-442C-ACBA-960629214B52}"
EndProject
Project("{FAE04EC0-301F-11D3-BF4B-00C04F79EFBC}") = "ApiGateway", "ApiGateway\ApiGateway.csproj", "{AE830C9B-4A43-4246-9FE5-1F55F69BDC50}"
EndProject
Project("{2150E333-8FDC-42A3-9474-1A3956D46DE8}") = "ContactService", "ContactService", "{1E46DB37-E4F2-401E-9304-343C56A78A8F}"
EndProject
Project("{FAE04EC0-301F-11D3-BF4B-00C04F79EFBC}") = "ContactService.Api", "ContactService.Api\ContactService.Api.csproj", "{4630504A-9FC3-4C0E-91CF-DF095A34B30F}"
EndProject
Project("{FAE04EC0-301F-11D3-BF4B-00C04F79EFBC}") = "ContactService.Api.UnitTests", "ContactService.Api.UnitTests\ContactService.Api.UnitTests.csproj", "{4C2EAA19-E327-43E4-A297-75075AE39B5F}"
EndProject
Global
	GlobalSection(SolutionConfigurationPlatforms) = preSolution
		Debug|Any CPU = Debug|Any CPU
		Release|Any CPU = Release|Any CPU
	EndGlobalSection
	GlobalSection(NestedProjects) = preSolution
		{AE830C9B-4A43-4246-9FE5-1F55F69BDC50} = {8D34AEB9-AAAD-4705-96E0-B7929EE5817C}
		{1E46DB37-E4F2-401E-9304-343C56A78A8F} = {8D34AEB9-AAAD-4705-96E0-B7929EE5817C}
		{4630504A-9FC3-4C0E-91CF-DF095A34B30F} = {1E46DB37-E4F2-401E-9304-343C56A78A8F}
		{4C2EAA19-E327-43E4-A297-75075AE39B5F} = {1E46DB37-E4F2-401E-9304-343C56A78A8F}
	EndGlobalSection
	GlobalSection(ProjectConfigurationPlatforms) = postSolution
		{AE830C9B-4A43-4246-9FE5-1F55F69BDC50}.Debug|Any CPU.ActiveCfg = Debug|Any CPU
		{AE830C9B-4A43-4246-9FE5-1F55F69BDC50}.Debug|Any CPU.Build.0 = Debug|Any CPU
		{AE830C9B-4A43-4246-9FE5-1F55F69BDC50}.Release|Any CPU.ActiveCfg = Release|Any CPU
		{AE830C9B-4A43-4246-9FE5-1F55F69BDC50}.Release|Any CPU.Build.0 = Release|Any CPU
		{4630504A-9FC3-4C0E-91CF-DF095A34B30F}.Debug|Any CPU.ActiveCfg = Debug|Any CPU
		{4630504A-9FC3-4C0E-91CF-DF095A34B30F}.Debug|Any CPU.Build.0 = Debug|Any CPU
		{4630504A-9FC3-4C0E-91CF-DF095A34B30F}.Release|Any CPU.ActiveCfg = Release|Any CPU
		{4630504A-9FC3-4C0E-91CF-DF095A34B30F}.Release|Any CPU.Build.0 = Release|Any CPU
		{4C2EAA19-E327-43E4-A297-75075AE39B5F}.Debug|Any CPU.ActiveCfg = Debug|Any CPU
		{4C2EAA19-E327-43E4-A297-75075AE39B5F}.Debug|Any CPU.Build.0 = Debug|Any CPU
		{4C2EAA19-E327-43E4-A297-75075AE39B5F}.Release|Any CPU.ActiveCfg = Release|Any CPU
		{4C2EAA19-E327-43E4-A297-75075AE39B5F}.Release|Any CPU.Build.0 = Release|Any CPU
	EndGlobalSection
EndGlobal
